
Microsoft Visual Studio Solution File, Format Version 12.00
# Visual Studio 15
VisualStudioVersion = 15.0.26124.0
MinimumVisualStudioVersion = 15.0.26124.0
Project("{FAE04EC0-301F-11D3-BF4B-00C04F79EFBC}") = "MyFirstMethod", "MyFirstMethod\MyFirstMethod.csproj", "{E9520C13-8604-4530-9499-DF5F1B4934E3}"
EndProject
Project("{FAE04EC0-301F-11D3-BF4B-00C04F79EFBC}") = "Exercicio3", "Exercicio3\Exercicio3.csproj", "{348ECFD4-DABD-42CD-8A1D-6E818F121C73}"
EndProject
Project("{FAE04EC0-301F-11D3-BF4B-00C04F79EFBC}") = "Fibonacci", "Fibonacci\Fibonacci.csproj", "{D2D10975-BF4B-4E2D-BFF9-62C0410DC3F0}"
EndProject
Global
	GlobalSection(SolutionConfigurationPlatforms) = preSolution
		Debug|Any CPU = Debug|Any CPU
		Debug|x64 = Debug|x64
		Debug|x86 = Debug|x86
		Release|Any CPU = Release|Any CPU
		Release|x64 = Release|x64
		Release|x86 = Release|x86
	EndGlobalSection
	GlobalSection(SolutionProperties) = preSolution
		HideSolutionNode = FALSE
	EndGlobalSection
	GlobalSection(ProjectConfigurationPlatforms) = postSolution
		{E9520C13-8604-4530-9499-DF5F1B4934E3}.Debug|Any CPU.ActiveCfg = Debug|Any CPU
		{E9520C13-8604-4530-9499-DF5F1B4934E3}.Debug|Any CPU.Build.0 = Debug|Any CPU
		{E9520C13-8604-4530-9499-DF5F1B4934E3}.Debug|x64.ActiveCfg = Debug|Any CPU
		{E9520C13-8604-4530-9499-DF5F1B4934E3}.Debug|x64.Build.0 = Debug|Any CPU
		{E9520C13-8604-4530-9499-DF5F1B4934E3}.Debug|x86.ActiveCfg = Debug|Any CPU
		{E9520C13-8604-4530-9499-DF5F1B4934E3}.Debug|x86.Build.0 = Debug|Any CPU
		{E9520C13-8604-4530-9499-DF5F1B4934E3}.Release|Any CPU.ActiveCfg = Release|Any CPU
		{E9520C13-8604-4530-9499-DF5F1B4934E3}.Release|Any CPU.Build.0 = Release|Any CPU
		{E9520C13-8604-4530-9499-DF5F1B4934E3}.Release|x64.ActiveCfg = Release|Any CPU
		{E9520C13-8604-4530-9499-DF5F1B4934E3}.Release|x64.Build.0 = Release|Any CPU
		{E9520C13-8604-4530-9499-DF5F1B4934E3}.Release|x86.ActiveCfg = Release|Any CPU
		{E9520C13-8604-4530-9499-DF5F1B4934E3}.Release|x86.Build.0 = Release|Any CPU
		{348ECFD4-DABD-42CD-8A1D-6E818F121C73}.Debug|Any CPU.ActiveCfg = Debug|Any CPU
		{348ECFD4-DABD-42CD-8A1D-6E818F121C73}.Debug|Any CPU.Build.0 = Debug|Any CPU
		{348ECFD4-DABD-42CD-8A1D-6E818F121C73}.Debug|x64.ActiveCfg = Debug|Any CPU
		{348ECFD4-DABD-42CD-8A1D-6E818F121C73}.Debug|x64.Build.0 = Debug|Any CPU
		{348ECFD4-DABD-42CD-8A1D-6E818F121C73}.Debug|x86.ActiveCfg = Debug|Any CPU
		{348ECFD4-DABD-42CD-8A1D-6E818F121C73}.Debug|x86.Build.0 = Debug|Any CPU
		{348ECFD4-DABD-42CD-8A1D-6E818F121C73}.Release|Any CPU.ActiveCfg = Release|Any CPU
		{348ECFD4-DABD-42CD-8A1D-6E818F121C73}.Release|Any CPU.Build.0 = Release|Any CPU
		{348ECFD4-DABD-42CD-8A1D-6E818F121C73}.Release|x64.ActiveCfg = Release|Any CPU
		{348ECFD4-DABD-42CD-8A1D-6E818F121C73}.Release|x64.Build.0 = Release|Any CPU
		{348ECFD4-DABD-42CD-8A1D-6E818F121C73}.Release|x86.ActiveCfg = Release|Any CPU
		{348ECFD4-DABD-42CD-8A1D-6E818F121C73}.Release|x86.Build.0 = Release|Any CPU
		{D2D10975-BF4B-4E2D-BFF9-62C0410DC3F0}.Debug|Any CPU.ActiveCfg = Debug|Any CPU
		{D2D10975-BF4B-4E2D-BFF9-62C0410DC3F0}.Debug|Any CPU.Build.0 = Debug|Any CPU
		{D2D10975-BF4B-4E2D-BFF9-62C0410DC3F0}.Debug|x64.ActiveCfg = Debug|Any CPU
		{D2D10975-BF4B-4E2D-BFF9-62C0410DC3F0}.Debug|x64.Build.0 = Debug|Any CPU
		{D2D10975-BF4B-4E2D-BFF9-62C0410DC3F0}.Debug|x86.ActiveCfg = Debug|Any CPU
		{D2D10975-BF4B-4E2D-BFF9-62C0410DC3F0}.Debug|x86.Build.0 = Debug|Any CPU
		{D2D10975-BF4B-4E2D-BFF9-62C0410DC3F0}.Release|Any CPU.ActiveCfg = Release|Any CPU
		{D2D10975-BF4B-4E2D-BFF9-62C0410DC3F0}.Release|Any CPU.Build.0 = Release|Any CPU
		{D2D10975-BF4B-4E2D-BFF9-62C0410DC3F0}.Release|x64.ActiveCfg = Release|Any CPU
		{D2D10975-BF4B-4E2D-BFF9-62C0410DC3F0}.Release|x64.Build.0 = Release|Any CPU
		{D2D10975-BF4B-4E2D-BFF9-62C0410DC3F0}.Release|x86.ActiveCfg = Release|Any CPU
		{D2D10975-BF4B-4E2D-BFF9-62C0410DC3F0}.Release|x86.Build.0 = Release|Any CPU
	EndGlobalSection
EndGlobal
